
Microsoft Visual Studio Solution File, Format Version 12.00
# Visual Studio Version 16
VisualStudioVersion = 16.0.30114.105
MinimumVisualStudioVersion = 10.0.40219.1
Project("{FAE04EC0-301F-11D3-BF4B-00C04F79EFBC}") = "ConquerorEngine", "ConquerorEngine\ConquerorEngine.csproj", "{A662B207-8ABD-4B8C-A837-247F3900D8A4}"
EndProject
Project("{FAE04EC0-301F-11D3-BF4B-00C04F79EFBC}") = "ConquerorServer", "ConquerorServer\ConquerorServer.csproj", "{F795433A-3029-4755-BCCF-77193E61B782}"
EndProject
Global
	GlobalSection(SolutionConfigurationPlatforms) = preSolution
		Debug|Any CPU = Debug|Any CPU
		Release|Any CPU = Release|Any CPU
	EndGlobalSection
	GlobalSection(SolutionProperties) = preSolution
		HideSolutionNode = FALSE
	EndGlobalSection
	GlobalSection(ProjectConfigurationPlatforms) = postSolution
		{A662B207-8ABD-4B8C-A837-247F3900D8A4}.Debug|Any CPU.ActiveCfg = Debug|Any CPU
		{A662B207-8ABD-4B8C-A837-247F3900D8A4}.Debug|Any CPU.Build.0 = Debug|Any CPU
		{A662B207-8ABD-4B8C-A837-247F3900D8A4}.Release|Any CPU.ActiveCfg = Release|Any CPU
		{A662B207-8ABD-4B8C-A837-247F3900D8A4}.Release|Any CPU.Build.0 = Release|Any CPU
		{F795433A-3029-4755-BCCF-77193E61B782}.Debug|Any CPU.ActiveCfg = Debug|Any CPU
		{F795433A-3029-4755-BCCF-77193E61B782}.Debug|Any CPU.Build.0 = Debug|Any CPU
		{F795433A-3029-4755-BCCF-77193E61B782}.Release|Any CPU.ActiveCfg = Release|Any CPU
		{F795433A-3029-4755-BCCF-77193E61B782}.Release|Any CPU.Build.0 = Release|Any CPU
	EndGlobalSection
EndGlobal
